// !$*UTF8*$!
{
	archiveVersion = 1;
	classes = {
	};
	objectVersion = 50;
	objects = {

/* Begin PBXBuildFile section */
		5425EEA2E6E4967AB5A9CF99 /* libPods-Todoey.a in Frameworks */ = {isa = PBXBuildFile; fileRef = 4AA3437B52985EE7C6279CE0 /* libPods-Todoey.a */; };
		B44EEBF32144493900085F01 /* Item.swift in Sources */ = {isa = PBXBuildFile; fileRef = B44EEBF22144493900085F01 /* Item.swift */; };
		B44EEBF52144494D00085F01 /* Category.swift in Sources */ = {isa = PBXBuildFile; fileRef = B44EEBF42144494D00085F01 /* Category.swift */; };
		B45D1768213FA761007B9AA8 /* CategoryViewController.swift in Sources */ = {isa = PBXBuildFile; fileRef = B45D1767213FA761007B9AA8 /* CategoryViewController.swift */; };
		B4A08D842138E10500B359BF /* AppDelegate.swift in Sources */ = {isa = PBXBuildFile; fileRef = B4A08D832138E10500B359BF /* AppDelegate.swift */; };
		B4A08D862138E10500B359BF /* TodoListViewController.swift in Sources */ = {isa = PBXBuildFile; fileRef = B4A08D852138E10500B359BF /* TodoListViewController.swift */; };
		B4A08D892138E10500B359BF /* Main.storyboard in Resources */ = {isa = PBXBuildFile; fileRef = B4A08D872138E10500B359BF /* Main.storyboard */; };
		B4A08D8B2138E10900B359BF /* Assets.xcassets in Resources */ = {isa = PBXBuildFile; fileRef = B4A08D8A2138E10900B359BF /* Assets.xcassets */; };
		B4A08D8E2138E10900B359BF /* LaunchScreen.storyboard in Resources */ = {isa = PBXBuildFile; fileRef = B4A08D8C2138E10900B359BF /* LaunchScreen.storyboard */; };
/* End PBXBuildFile section */

/* Begin PBXFileReference section */
		4AA3437B52985EE7C6279CE0 /* libPods-Todoey.a */ = {isa = PBXFileReference; explicitFileType = archive.ar; includeInIndex = 0; path = "libPods-Todoey.a"; sourceTree = BUILT_PRODUCTS_DIR; };
		9C7532D34FC6826234A76549 /* Pods-Todoey.release.xcconfig */ = {isa = PBXFileReference; includeInIndex = 1; lastKnownFileType = text.xcconfig; name = "Pods-Todoey.release.xcconfig"; path = "Pods/Target Support Files/Pods-Todoey/Pods-Todoey.release.xcconfig"; sourceTree = "<group>"; };
		B44EEBF22144493900085F01 /* Item.swift */ = {isa = PBXFileReference; fileEncoding = 4; lastKnownFileType = sourcecode.swift; path = Item.swift; sourceTree = "<group>"; };
		B44EEBF42144494D00085F01 /* Category.swift */ = {isa = PBXFileReference; lastKnownFileType = sourcecode.swift; path = Category.swift; sourceTree = "<group>"; };
		B45D1767213FA761007B9AA8 /* CategoryViewController.swift */ = {isa = PBXFileReference; lastKnownFileType = sourcecode.swift; path = CategoryViewController.swift; sourceTree = "<group>"; };
		B4A08D802138E10500B359BF /* Todoey.app */ = {isa = PBXFileReference; explicitFileType = wrapper.application; includeInIndex = 0; path = Todoey.app; sourceTree = BUILT_PRODUCTS_DIR; };
		B4A08D832138E10500B359BF /* AppDelegate.swift */ = {isa = PBXFileReference; lastKnownFileType = sourcecode.swift; path = AppDelegate.swift; sourceTree = "<group>"; };
		B4A08D852138E10500B359BF /* TodoListViewController.swift */ = {isa = PBXFileReference; lastKnownFileType = sourcecode.swift; path = TodoListViewController.swift; sourceTree = "<group>"; };
		B4A08D882138E10500B359BF /* Base */ = {isa = PBXFileReference; lastKnownFileType = file.storyboard; name = Base; path = Base.lproj/Main.storyboard; sourceTree = "<group>"; };
		B4A08D8A2138E10900B359BF /* Assets.xcassets */ = {isa = PBXFileReference; lastKnownFileType = folder.assetcatalog; path = Assets.xcassets; sourceTree = "<group>"; };
		B4A08D8D2138E10900B359BF /* Base */ = {isa = PBXFileReference; lastKnownFileType = file.storyboard; name = Base; path = Base.lproj/LaunchScreen.storyboard; sourceTree = "<group>"; };
		B4A08D8F2138E10900B359BF /* Info.plist */ = {isa = PBXFileReference; lastKnownFileType = text.plist.xml; path = Info.plist; sourceTree = "<group>"; };
		DD83ADA1336408B6B878E856 /* Pods-Todoey.debug.xcconfig */ = {isa = PBXFileReference; includeInIndex = 1; lastKnownFileType = text.xcconfig; name = "Pods-Todoey.debug.xcconfig"; path = "Pods/Target Support Files/Pods-Todoey/Pods-Todoey.debug.xcconfig"; sourceTree = "<group>"; };
/* End PBXFileReference section */

/* Begin PBXFrameworksBuildPhase section */
		B4A08D7D2138E10500B359BF /* Frameworks */ = {
			isa = PBXFrameworksBuildPhase;
			buildActionMask = 2147483647;
			files = (
				5425EEA2E6E4967AB5A9CF99 /* libPods-Todoey.a in Frameworks */,
			);
			runOnlyForDeploymentPostprocessing = 0;
		};
/* End PBXFrameworksBuildPhase section */

/* Begin PBXGroup section */
		B45D1740213A59BB007B9AA8 /* Data Model */ = {
			isa = PBXGroup;
			children = (
				B44EEBF42144494D00085F01 /* Category.swift */,
				B44EEBF22144493900085F01 /* Item.swift */,
			);
			path = "Data Model";
			sourceTree = "<group>";
		};
		B45D1741213A59E5007B9AA8 /* Controllers */ = {
			isa = PBXGroup;
			children = (
				B45D1767213FA761007B9AA8 /* CategoryViewController.swift */,
				B4A08D852138E10500B359BF /* TodoListViewController.swift */,
			);
			path = Controllers;
			sourceTree = "<group>";
		};
		B45D1742213A59F2007B9AA8 /* Views */ = {
			isa = PBXGroup;
			children = (
				B4A08D872138E10500B359BF /* Main.storyboard */,
			);
			path = Views;
			sourceTree = "<group>";
		};
		B4A08D772138E10500B359BF = {
			isa = PBXGroup;
			children = (
				B4A08D822138E10500B359BF /* Todoey */,
				B4A08D812138E10500B359BF /* Products */,
				D146AA9224D7B33C20026AD2 /* Pods */,
				F01E2382FEE9C2BB3A7AAE57 /* Frameworks */,
			);
			sourceTree = "<group>";
		};
		B4A08D812138E10500B359BF /* Products */ = {
			isa = PBXGroup;
			children = (
				B4A08D802138E10500B359BF /* Todoey.app */,
			);
			name = Products;
			sourceTree = "<group>";
		};
		B4A08D822138E10500B359BF /* Todoey */ = {
			isa = PBXGroup;
			children = (
				B4A08D832138E10500B359BF /* AppDelegate.swift */,
				B45D1741213A59E5007B9AA8 /* Controllers */,
				B45D1740213A59BB007B9AA8 /* Data Model */,
				B45D1742213A59F2007B9AA8 /* Views */,
				B4A08D8A2138E10900B359BF /* Assets.xcassets */,
				B4A08D8C2138E10900B359BF /* LaunchScreen.storyboard */,
				B4A08D8F2138E10900B359BF /* Info.plist */,
			);
			path = Todoey;
			sourceTree = "<group>";
		};
		D146AA9224D7B33C20026AD2 /* Pods */ = {
			isa = PBXGroup;
			children = (
				DD83ADA1336408B6B878E856 /* Pods-Todoey.debug.xcconfig */,
				9C7532D34FC6826234A76549 /* Pods-Todoey.release.xcconfig */,
			);
			name = Pods;
			sourceTree = "<group>";
		};
		F01E2382FEE9C2BB3A7AAE57 /* Frameworks */ = {
			isa = PBXGroup;
			children = (
				4AA3437B52985EE7C6279CE0 /* libPods-Todoey.a */,
			);
			name = Frameworks;
			sourceTree = "<group>";
		};
/* End PBXGroup section */

/* Begin PBXNativeTarget section */
		B4A08D7F2138E10500B359BF /* Todoey */ = {
			isa = PBXNativeTarget;
			buildConfigurationList = B4A08D922138E10900B359BF /* Build configuration list for PBXNativeTarget "Todoey" */;
			buildPhases = (
				782846C311C765ABF17C4B6E /* [CP] Check Pods Manifest.lock */,
				B4A08D7C2138E10500B359BF /* Sources */,
				B4A08D7D2138E10500B359BF /* Frameworks */,
				B4A08D7E2138E10500B359BF /* Resources */,
			);
			buildRules = (
			);
			dependencies = (
			);
			name = Todoey;
			productName = Todoey;
			productReference = B4A08D802138E10500B359BF /* Todoey.app */;
			productType = "com.apple.product-type.application";
		};
/* End PBXNativeTarget section */

/* Begin PBXProject section */
		B4A08D782138E10500B359BF /* Project object */ = {
			isa = PBXProject;
			attributes = {
				LastSwiftUpdateCheck = 0940;
				LastUpgradeCheck = 0940;
				ORGANIZATIONNAME = "Brian Humphreys";
				TargetAttributes = {
					B4A08D7F2138E10500B359BF = {
						CreatedOnToolsVersion = 9.4.1;
					};
				};
			};
			buildConfigurationList = B4A08D7B2138E10500B359BF /* Build configuration list for PBXProject "Todoey" */;
			compatibilityVersion = "Xcode 9.3";
			developmentRegion = en;
			hasScannedForEncodings = 0;
			knownRegions = (
				en,
				Base,
			);
			mainGroup = B4A08D772138E10500B359BF;
			productRefGroup = B4A08D812138E10500B359BF /* Products */;
			projectDirPath = "";
			projectRoot = "";
			targets = (
				B4A08D7F2138E10500B359BF /* Todoey */,
			);
		};
/* End PBXProject section */

/* Begin PBXResourcesBuildPhase section */
		B4A08D7E2138E10500B359BF /* Resources */ = {
			isa = PBXResourcesBuildPhase;
			buildActionMask = 2147483647;
			files = (
				B4A08D8E2138E10900B359BF /* LaunchScreen.storyboard in Resources */,
				B4A08D8B2138E10900B359BF /* Assets.xcassets in Resources */,
				B4A08D892138E10500B359BF /* Main.storyboard in Resources */,
			);
			runOnlyForDeploymentPostprocessing = 0;
		};
/* End PBXResourcesBuildPhase section */

/* Begin PBXShellScriptBuildPhase section */
		782846C311C765ABF17C4B6E /* [CP] Check Pods Manifest.lock */ = {
			isa = PBXShellScriptBuildPhase;
			buildActionMask = 2147483647;
			files = (
			);
			inputPaths = (
				"${PODS_PODFILE_DIR_PATH}/Podfile.lock",
				"${PODS_ROOT}/Manifest.lock",
			);
			name = "[CP] Check Pods Manifest.lock";
			outputPaths = (
				"$(DERIVED_FILE_DIR)/Pods-Todoey-checkManifestLockResult.txt",
			);
			runOnlyForDeploymentPostprocessing = 0;
			shellPath = /bin/sh;
			shellScript = "diff \"${PODS_PODFILE_DIR_PATH}/Podfile.lock\" \"${PODS_ROOT}/Manifest.lock\" > /dev/null\nif [ $? != 0 ] ; then\n    # print error to STDERR\n    echo \"error: The sandbox is not in sync with the Podfile.lock. Run 'pod install' or update your CocoaPods installation.\" >&2\n    exit 1\nfi\n# This output is used by Xcode 'outputs' to avoid re-running this script phase.\necho \"SUCCESS\" > \"${SCRIPT_OUTPUT_FILE_0}\"\n";
			showEnvVarsInLog = 0;
		};
/* End PBXShellScriptBuildPhase section */

/* Begin PBXSourcesBuildPhase section */
		B4A08D7C2138E10500B359BF /* Sources */ = {
			isa = PBXSourcesBuildPhase;
			buildActionMask = 2147483647;
			files = (
				B44EEBF32144493900085F01 /* Item.swift in Sources */,
				B45D1768213FA761007B9AA8 /* CategoryViewController.swift in Sources */,
				B4A08D862138E10500B359BF /* TodoListViewController.swift in Sources */,
				B4A08D842138E10500B359BF /* AppDelegate.swift in Sources */,
				B44EEBF52144494D00085F01 /* Category.swift in Sources */,
			);
			runOnlyForDeploymentPostprocessing = 0;
		};
/* End PBXSourcesBuildPhase section */

/* Begin PBXVariantGroup section */
		B4A08D872138E10500B359BF /* Main.storyboard */ = {
			isa = PBXVariantGroup;
			children = (
				B4A08D882138E10500B359BF /* Base */,
			);
			name = Main.storyboard;
			sourceTree = "<group>";
		};
		B4A08D8C2138E10900B359BF /* LaunchScreen.storyboard */ = {
			isa = PBXVariantGroup;
			children = (
				B4A08D8D2138E10900B359BF /* Base */,
			);
			name = LaunchScreen.storyboard;
			sourceTree = "<group>";
		};
/* End PBXVariantGroup section */

/* Begin XCBuildConfiguration section */
		B4A08D902138E10900B359BF /* Debug */ = {
			isa = XCBuildConfiguration;
			buildSettings = {
				ALWAYS_SEARCH_USER_PATHS = NO;
				CLANG_ANALYZER_NONNULL = YES;
				CLANG_ANALYZER_NUMBER_OBJECT_CONVERSION = YES_AGGRESSIVE;
				CLANG_CXX_LANGUAGE_STANDARD = "gnu++14";
				CLANG_CXX_LIBRARY = "libc++";
				CLANG_ENABLE_MODULES = YES;
				CLANG_ENABLE_OBJC_ARC = YES;
				CLANG_ENABLE_OBJC_WEAK = YES;
				CLANG_WARN_BLOCK_CAPTURE_AUTORELEASING = YES;
				CLANG_WARN_BOOL_CONVERSION = YES;
				CLANG_WARN_COMMA = YES;
				CLANG_WARN_CONSTANT_CONVERSION = YES;
				CLANG_WARN_DEPRECATED_OBJC_IMPLEMENTATIONS = YES;
				CLANG_WARN_DIRECT_OBJC_ISA_USAGE = YES_ERROR;
				CLANG_WARN_DOCUMENTATION_COMMENTS = YES;
				CLANG_WARN_EMPTY_BODY = YES;
				CLANG_WARN_ENUM_CONVERSION = YES;
				CLANG_WARN_INFINITE_RECURSION = YES;
				CLANG_WARN_INT_CONVERSION = YES;
				CLANG_WARN_NON_LITERAL_NULL_CONVERSION = YES;
				CLANG_WARN_OBJC_IMPLICIT_RETAIN_SELF = YES;
				CLANG_WARN_OBJC_LITERAL_CONVERSION = YES;
				CLANG_WARN_OBJC_ROOT_CLASS = YES_ERROR;
				CLANG_WARN_RANGE_LOOP_ANALYSIS = YES;
				CLANG_WARN_STRICT_PROTOTYPES = YES;
				CLANG_WARN_SUSPICIOUS_MOVE = YES;
				CLANG_WARN_UNGUARDED_AVAILABILITY = YES_AGGRESSIVE;
				CLANG_WARN_UNREACHABLE_CODE = YES;
				CLANG_WARN__DUPLICATE_METHOD_MATCH = YES;
				CODE_SIGN_IDENTITY = "iPhone Developer";
				COPY_PHASE_STRIP = NO;
				DEBUG_INFORMATION_FORMAT = dwarf;
				ENABLE_STRICT_OBJC_MSGSEND = YES;
				ENABLE_TESTABILITY = YES;
				GCC_C_LANGUAGE_STANDARD = gnu11;
				GCC_DYNAMIC_NO_PIC = NO;
				GCC_NO_COMMON_BLOCKS = YES;
				GCC_OPTIMIZATION_LEVEL = 0;
				GCC_PREPROCESSOR_DEFINITIONS = (
					"DEBUG=1",
					"$(inherited)",
				);
				GCC_WARN_64_TO_32_BIT_CONVERSION = YES;
				GCC_WARN_ABOUT_RETURN_TYPE = YES_ERROR;
				GCC_WARN_UNDECLARED_SELECTOR = YES;
				GCC_WARN_UNINITIALIZED_AUTOS = YES_AGGRESSIVE;
				GCC_WARN_UNUSED_FUNCTION = YES;
				GCC_WARN_UNUSED_VARIABLE = YES;
				IPHONEOS_DEPLOYMENT_TARGET = 11.4;
				MTL_ENABLE_DEBUG_INFO = YES;
				ONLY_ACTIVE_ARCH = YES;
				SDKROOT = iphoneos;
				SWIFT_ACTIVE_COMPILATION_CONDITIONS = DEBUG;
				SWIFT_OPTIMIZATION_LEVEL = "-Onone";
			};
			name = Debug;
		};
		B4A08D912138E10900B359BF /* Release */ = {
			isa = XCBuildConfiguration;
			buildSettings = {
				ALWAYS_SEARCH_USER_PATHS = NO;
				CLANG_ANALYZER_NONNULL = YES;
				CLANG_ANALYZER_NUMBER_OBJECT_CONVERSION = YES_AGGRESSIVE;
				CLANG_CXX_LANGUAGE_STANDARD = "gnu++14";
				CLANG_CXX_LIBRARY = "libc++";
				CLANG_ENABLE_MODULES = YES;
				CLANG_ENABLE_OBJC_ARC = YES;
				CLANG_ENABLE_OBJC_WEAK = YES;
				CLANG_WARN_BLOCK_CAPTURE_AUTORELEASING = YES;
				CLANG_WARN_BOOL_CONVERSION = YES;
				CLANG_WARN_COMMA = YES;
				CLANG_WARN_CONSTANT_CONVERSION = YES;
				CLANG_WARN_DEPRECATED_OBJC_IMPLEMENTATIONS = YES;
				CLANG_WARN_DIRECT_OBJC_ISA_USAGE = YES_ERROR;
				CLANG_WARN_DOCUMENTATION_COMMENTS = YES;
				CLANG_WARN_EMPTY_BODY = YES;
				CLANG_WARN_ENUM_CONVERSION = YES;
				CLANG_WARN_INFINITE_RECURSION = YES;
				CLANG_WARN_INT_CONVERSION = YES;
				CLANG_WARN_NON_LITERAL_NULL_CONVERSION = YES;
				CLANG_WARN_OBJC_IMPLICIT_RETAIN_SELF = YES;
				CLANG_WARN_OBJC_LITERAL_CONVERSION = YES;
				CLANG_WARN_OBJC_ROOT_CLASS = YES_ERROR;
				CLANG_WARN_RANGE_LOOP_ANALYSIS = YES;
				CLANG_WARN_STRICT_PROTOTYPES = YES;
				CLANG_WARN_SUSPICIOUS_MOVE = YES;
				CLANG_WARN_UNGUARDED_AVAILABILITY = YES_AGGRESSIVE;
				CLANG_WARN_UNREACHABLE_CODE = YES;
				CLANG_WARN__DUPLICATE_METHOD_MATCH = YES;
				CODE_SIGN_IDENTITY = "iPhone Developer";
				COPY_PHASE_STRIP = NO;
				DEBUG_INFORMATION_FORMAT = "dwarf-with-dsym";
				ENABLE_NS_ASSERTIONS = NO;
				ENABLE_STRICT_OBJC_MSGSEND = YES;
				GCC_C_LANGUAGE_STANDARD = gnu11;
				GCC_NO_COMMON_BLOCKS = YES;
				GCC_WARN_64_TO_32_BIT_CONVERSION = YES;
				GCC_WARN_ABOUT_RETURN_TYPE = YES_ERROR;
				GCC_WARN_UNDECLARED_SELECTOR = YES;
				GCC_WARN_UNINITIALIZED_AUTOS = YES_AGGRESSIVE;
				GCC_WARN_UNUSED_FUNCTION = YES;
				GCC_WARN_UNUSED_VARIABLE = YES;
				IPHONEOS_DEPLOYMENT_TARGET = 11.4;
				MTL_ENABLE_DEBUG_INFO = NO;
				SDKROOT = iphoneos;
				SWIFT_COMPILATION_MODE = wholemodule;
				SWIFT_OPTIMIZATION_LEVEL = "-O";
				VALIDATE_PRODUCT = YES;
			};
			name = Release;
		};
		B4A08D932138E10900B359BF /* Debug */ = {
			isa = XCBuildConfiguration;
			baseConfigurationReference = DD83ADA1336408B6B878E856 /* Pods-Todoey.debug.xcconfig */;
			buildSettings = {
				ASSETCATALOG_COMPILER_APPICON_NAME = AppIcon;
				CODE_SIGN_STYLE = Automatic;
				DEVELOPMENT_TEAM = E3NQ95MYK2;
				INFOPLIST_FILE = Todoey/Info.plist;
				LD_RUNPATH_SEARCH_PATHS = (
					"$(inherited)",
					"@executable_path/Frameworks",
				);
				PRODUCT_BUNDLE_IDENTIFIER = com.brianhumphreys.Todoey;
				PRODUCT_NAME = "$(TARGET_NAME)";
				SWIFT_VERSION = 4.0;
				TARGETED_DEVICE_FAMILY = "1,2";
			};
			name = Debug;
		};
		B4A08D942138E10900B359BF /* Release */ = {
			isa = XCBuildConfiguration;
			baseConfigurationReference = 9C7532D34FC6826234A76549 /* Pods-Todoey.release.xcconfig */;
			buildSettings = {
				ASSETCATALOG_COMPILER_APPICON_NAME = AppIcon;
				CODE_SIGN_STYLE = Automatic;
				DEVELOPMENT_TEAM = E3NQ95MYK2;
				INFOPLIST_FILE = Todoey/Info.plist;
				LD_RUNPATH_SEARCH_PATHS = (
					"$(inherited)",
					"@executable_path/Frameworks",
				);
				PRODUCT_BUNDLE_IDENTIFIER = com.brianhumphreys.Todoey;
				PRODUCT_NAME = "$(TARGET_NAME)";
				SWIFT_VERSION = 4.0;
				TARGETED_DEVICE_FAMILY = "1,2";
			};
			name = Release;
		};
/* End XCBuildConfiguration section */

/* Begin XCConfigurationList section */
		B4A08D7B2138E10500B359BF /* Build configuration list for PBXProject "Todoey" */ = {
			isa = XCConfigurationList;
			buildConfigurations = (
				B4A08D902138E10900B359BF /* Debug */,
				B4A08D912138E10900B359BF /* Release */,
			);
			defaultConfigurationIsVisible = 0;
			defaultConfigurationName = Release;
		};
		B4A08D922138E10900B359BF /* Build configuration list for PBXNativeTarget "Todoey" */ = {
			isa = XCConfigurationList;
			buildConfigurations = (
				B4A08D932138E10900B359BF /* Debug */,
				B4A08D942138E10900B359BF /* Release */,
			);
			defaultConfigurationIsVisible = 0;
			defaultConfigurationName = Release;
		};
/* End XCConfigurationList section */
	};
	rootObject = B4A08D782138E10500B359BF /* Project object */;
}
